
Microsoft Visual Studio Solution File, Format Version 12.00
# Visual Studio 15
VisualStudioVersion = 15.0.26430.12
MinimumVisualStudioVersion = 10.0.40219.1
Project("{FAE04EC0-301F-11D3-BF4B-00C04F79EFBC}") = "ZebraViewer", "ZebraViewer\ZebraViewer.csproj", "{10C39633-A0EB-4CCC-8E8A-5B4349787E79}"
EndProject
Project("{FAE04EC0-301F-11D3-BF4B-00C04F79EFBC}") = "ZebraViewer.Tests", "ZebraViewer.Tests\ZebraViewer.Tests.csproj", "{8DF5B801-811A-41A4-9444-1272FCE7A66A}"
EndProject
Global
	GlobalSection(SolutionConfigurationPlatforms) = preSolution
		Debug|Any CPU = Debug|Any CPU
		Release|Any CPU = Release|Any CPU
	EndGlobalSection
	GlobalSection(ProjectConfigurationPlatforms) = postSolution
		{10C39633-A0EB-4CCC-8E8A-5B4349787E79}.Debug|Any CPU.ActiveCfg = Debug|Any CPU
		{10C39633-A0EB-4CCC-8E8A-5B4349787E79}.Debug|Any CPU.Build.0 = Debug|Any CPU
		{10C39633-A0EB-4CCC-8E8A-5B4349787E79}.Release|Any CPU.ActiveCfg = Release|Any CPU
		{10C39633-A0EB-4CCC-8E8A-5B4349787E79}.Release|Any CPU.Build.0 = Release|Any CPU
		{8DF5B801-811A-41A4-9444-1272FCE7A66A}.Debug|Any CPU.ActiveCfg = Debug|Any CPU
		{8DF5B801-811A-41A4-9444-1272FCE7A66A}.Debug|Any CPU.Build.0 = Debug|Any CPU
		{8DF5B801-811A-41A4-9444-1272FCE7A66A}.Release|Any CPU.ActiveCfg = Release|Any CPU
		{8DF5B801-811A-41A4-9444-1272FCE7A66A}.Release|Any CPU.Build.0 = Release|Any CPU
	EndGlobalSection
	GlobalSection(SolutionProperties) = preSolution
		HideSolutionNode = FALSE
	EndGlobalSection
EndGlobal
